{
  "name": "deliberation-empirica",
  "lockfileVersion": 2,
  "requires": true,
  "packages": {
    "": {
      "dependencies": {
        "@sentry/react": "^7.2.0",
        "@sentry/tracing": "^7.2.0",
        "marked": "^4.0.17"
      }
    },
    "node_modules/@sentry/browser": {
      "version": "7.2.0",
      "resolved": "https://registry.npmjs.org/@sentry/browser/-/browser-7.2.0.tgz",
      "integrity": "sha512-QMdRpK7MM8woFOeMTDh7/sXG4lXutgZ/K9SBBMvd5MVaaQnSSE5ZGJMaxMfsiYOISV0UqS7l0V0EaGnv9n3zrQ==",
      "dependencies": {
        "@sentry/core": "7.2.0",
        "@sentry/types": "7.2.0",
        "@sentry/utils": "7.2.0",
        "tslib": "^1.9.3"
      },
      "engines": {
        "node": ">=8"
      }
    },
    "node_modules/@sentry/core": {
      "version": "7.2.0",
      "resolved": "https://registry.npmjs.org/@sentry/core/-/core-7.2.0.tgz",
      "integrity": "sha512-9amsbB9/ePkJRgc0cVXCVW2hQUPImgTqBbnKu4frBXBza+9MBC5W3S8ZyZt2InCK22kuhNVo3z61a8mzCgXoCA==",
      "dependencies": {
        "@sentry/hub": "7.2.0",
        "@sentry/types": "7.2.0",
        "@sentry/utils": "7.2.0",
        "tslib": "^1.9.3"
      },
      "engines": {
        "node": ">=8"
      }
    },
    "node_modules/@sentry/hub": {
      "version": "7.2.0",
      "resolved": "https://registry.npmjs.org/@sentry/hub/-/hub-7.2.0.tgz",
      "integrity": "sha512-uzd+GzD++Z4QopRh3AyRc4jz4AzomMnrXTOmdXgud1BH/Du9AYutVlBc5ZYwqCuJH7QPuAW3ySU3P+16UCinIg==",
      "dependencies": {
        "@sentry/types": "7.2.0",
        "@sentry/utils": "7.2.0",
        "tslib": "^1.9.3"
      },
      "engines": {
        "node": ">=8"
      }
    },
    "node_modules/@sentry/react": {
      "version": "7.2.0",
      "resolved": "https://registry.npmjs.org/@sentry/react/-/react-7.2.0.tgz",
      "integrity": "sha512-4QtOaxTWRomL4qwa5X5UR4cM3XnDNtumBu0Lua5d7xV93/1m44hWvdxB4sqf/ueL6dPqmg0YbtgDYzT3loE5vQ==",
      "dependencies": {
        "@sentry/browser": "7.2.0",
        "@sentry/types": "7.2.0",
        "@sentry/utils": "7.2.0",
        "hoist-non-react-statics": "^3.3.2",
        "tslib": "^1.9.3"
      },
      "engines": {
        "node": ">=8"
      },
      "peerDependencies": {
        "react": "15.x || 16.x || 17.x || 18.x"
      }
    },
    "node_modules/@sentry/tracing": {
      "version": "7.2.0",
      "resolved": "https://registry.npmjs.org/@sentry/tracing/-/tracing-7.2.0.tgz",
      "integrity": "sha512-Lw5Y5H/kiesTviISFOtnAhjF7+cMX3MnkzdMl5ANwe5lNFPw/php5olzU9hGUqheKeGyYp3sM8BF4GwegGMWQw==",
      "dependencies": {
        "@sentry/hub": "7.2.0",
        "@sentry/types": "7.2.0",
        "@sentry/utils": "7.2.0",
        "tslib": "^1.9.3"
      },
      "engines": {
        "node": ">=8"
      }
    },
    "node_modules/@sentry/types": {
      "version": "7.2.0",
      "resolved": "https://registry.npmjs.org/@sentry/types/-/types-7.2.0.tgz",
      "integrity": "sha512-e6w62C2AmE5ULr9w/BuVaKTRpKUMGWyw4PhcBlSdDRoS47QgURGgDFIvr3VlaDwkUfCbASwSv49fDhKRX3aoew==",
      "engines": {
        "node": ">=8"
      }
    },
    "node_modules/@sentry/utils": {
      "version": "7.2.0",
      "resolved": "https://registry.npmjs.org/@sentry/utils/-/utils-7.2.0.tgz",
      "integrity": "sha512-uUKIsIXyb6ZXBbl/L8UwG4gy8PBXZl5pGCUFRPbns+vi0U6vtmDRDYa1A/7E17VkBJNRPVNJQr9Pq5Yd0I0MRA==",
      "dependencies": {
        "@sentry/types": "7.2.0",
        "tslib": "^1.9.3"
      },
      "engines": {
        "node": ">=8"
      }
    },
    "node_modules/hoist-non-react-statics": {
      "version": "3.3.2",
      "resolved": "https://registry.npmjs.org/hoist-non-react-statics/-/hoist-non-react-statics-3.3.2.tgz",
      "integrity": "sha512-/gGivxi8JPKWNm/W0jSmzcMPpfpPLc3dY/6GxhX2hQ9iGj3aDfklV4ET7NjKpSinLpJ5vafa9iiGIEZg10SfBw==",
      "dependencies": {
        "react-is": "^16.7.0"
      }
    },
    "node_modules/js-tokens": {
      "version": "4.0.0",
      "resolved": "https://registry.npmjs.org/js-tokens/-/js-tokens-4.0.0.tgz",
      "integrity": "sha512-RdJUflcE3cUzKiMqQgsCu06FPu9UdIJO0beYbPhHN4k6apgJtifcoCtT9bcxOpYBtpD2kCM6Sbzg4CausW/PKQ==",
      "peer": true
    },
    "node_modules/loose-envify": {
      "version": "1.4.0",
      "resolved": "https://registry.npmjs.org/loose-envify/-/loose-envify-1.4.0.tgz",
      "integrity": "sha512-lyuxPGr/Wfhrlem2CL/UcnUc1zcqKAImBDzukY7Y5F/yQiNdko6+fRLevlw1HgMySw7f611UIY408EtxRSoK3Q==",
      "peer": true,
      "dependencies": {
        "js-tokens": "^3.0.0 || ^4.0.0"
      },
      "bin": {
        "loose-envify": "cli.js"
      }
    },
    "node_modules/marked": {
      "version": "4.0.17",
      "resolved": "https://registry.npmjs.org/marked/-/marked-4.0.17.tgz",
      "integrity": "sha512-Wfk0ATOK5iPxM4ptrORkFemqroz0ZDxp5MWfYA7H/F+wO17NRWV5Ypxi6p3g2Xmw2bKeiYOl6oVnLHKxBA0VhA==",
      "bin": {
        "marked": "bin/marked.js"
      },
      "engines": {
        "node": ">= 12"
      }
    },
    "node_modules/react": {
      "version": "18.2.0",
      "resolved": "https://registry.npmjs.org/react/-/react-18.2.0.tgz",
      "integrity": "sha512-/3IjMdb2L9QbBdWiW5e3P2/npwMBaU9mHCSCUzNln0ZCYbcfTsGbTJrU/kGemdH2IWmB2ioZ+zkxtmq6g09fGQ==",
      "peer": true,
      "dependencies": {
        "loose-envify": "^1.1.0"
      },
      "engines": {
        "node": ">=0.10.0"
      }
    },
    "node_modules/react-is": {
      "version": "16.13.1",
      "resolved": "https://registry.npmjs.org/react-is/-/react-is-16.13.1.tgz",
      "integrity": "sha512-24e6ynE2H+OKt4kqsOvNd8kBpV65zoxbA4BVsEOB3ARVWQki/DHzaUoC5KuON/BiccDaCCTZBuOcfZs70kR8bQ=="
    },
    "node_modules/tslib": {
      "version": "1.14.1",
      "resolved": "https://registry.npmjs.org/tslib/-/tslib-1.14.1.tgz",
      "integrity": "sha512-Xni35NKzjgMrwevysHTCArtLDpPvye8zV/0E4EyYn43P7/7qvQwPh9BGkHewbMulVntbigmcT7rdX3BNo9wRJg=="
    }
  },
  "dependencies": {
    "@sentry/browser": {
      "version": "7.2.0",
      "resolved": "https://registry.npmjs.org/@sentry/browser/-/browser-7.2.0.tgz",
      "integrity": "sha512-QMdRpK7MM8woFOeMTDh7/sXG4lXutgZ/K9SBBMvd5MVaaQnSSE5ZGJMaxMfsiYOISV0UqS7l0V0EaGnv9n3zrQ==",
      "requires": {
        "@sentry/core": "7.2.0",
        "@sentry/types": "7.2.0",
        "@sentry/utils": "7.2.0",
        "tslib": "^1.9.3"
      }
    },
    "@sentry/core": {
      "version": "7.2.0",
      "resolved": "https://registry.npmjs.org/@sentry/core/-/core-7.2.0.tgz",
      "integrity": "sha512-9amsbB9/ePkJRgc0cVXCVW2hQUPImgTqBbnKu4frBXBza+9MBC5W3S8ZyZt2InCK22kuhNVo3z61a8mzCgXoCA==",
      "requires": {
        "@sentry/hub": "7.2.0",
        "@sentry/types": "7.2.0",
        "@sentry/utils": "7.2.0",
        "tslib": "^1.9.3"
      }
    },
    "@sentry/hub": {
      "version": "7.2.0",
      "resolved": "https://registry.npmjs.org/@sentry/hub/-/hub-7.2.0.tgz",
      "integrity": "sha512-uzd+GzD++Z4QopRh3AyRc4jz4AzomMnrXTOmdXgud1BH/Du9AYutVlBc5ZYwqCuJH7QPuAW3ySU3P+16UCinIg==",
      "requires": {
        "@sentry/types": "7.2.0",
        "@sentry/utils": "7.2.0",
        "tslib": "^1.9.3"
      }
    },
    "@sentry/react": {
      "version": "7.2.0",
      "resolved": "https://registry.npmjs.org/@sentry/react/-/react-7.2.0.tgz",
      "integrity": "sha512-4QtOaxTWRomL4qwa5X5UR4cM3XnDNtumBu0Lua5d7xV93/1m44hWvdxB4sqf/ueL6dPqmg0YbtgDYzT3loE5vQ==",
      "requires": {
        "@sentry/browser": "7.2.0",
        "@sentry/types": "7.2.0",
        "@sentry/utils": "7.2.0",
        "hoist-non-react-statics": "^3.3.2",
        "tslib": "^1.9.3"
      }
    },
    "@sentry/tracing": {
      "version": "7.2.0",
      "resolved": "https://registry.npmjs.org/@sentry/tracing/-/tracing-7.2.0.tgz",
      "integrity": "sha512-Lw5Y5H/kiesTviISFOtnAhjF7+cMX3MnkzdMl5ANwe5lNFPw/php5olzU9hGUqheKeGyYp3sM8BF4GwegGMWQw==",
      "requires": {
        "@sentry/hub": "7.2.0",
        "@sentry/types": "7.2.0",
        "@sentry/utils": "7.2.0",
        "tslib": "^1.9.3"
      }
    },
    "@sentry/types": {
      "version": "7.2.0",
      "resolved": "https://registry.npmjs.org/@sentry/types/-/types-7.2.0.tgz",
      "integrity": "sha512-e6w62C2AmE5ULr9w/BuVaKTRpKUMGWyw4PhcBlSdDRoS47QgURGgDFIvr3VlaDwkUfCbASwSv49fDhKRX3aoew=="
    },
    "@sentry/utils": {
      "version": "7.2.0",
      "resolved": "https://registry.npmjs.org/@sentry/utils/-/utils-7.2.0.tgz",
      "integrity": "sha512-uUKIsIXyb6ZXBbl/L8UwG4gy8PBXZl5pGCUFRPbns+vi0U6vtmDRDYa1A/7E17VkBJNRPVNJQr9Pq5Yd0I0MRA==",
      "requires": {
        "@sentry/types": "7.2.0",
        "tslib": "^1.9.3"
      }
    },
    "hoist-non-react-statics": {
      "version": "3.3.2",
      "resolved": "https://registry.npmjs.org/hoist-non-react-statics/-/hoist-non-react-statics-3.3.2.tgz",
      "integrity": "sha512-/gGivxi8JPKWNm/W0jSmzcMPpfpPLc3dY/6GxhX2hQ9iGj3aDfklV4ET7NjKpSinLpJ5vafa9iiGIEZg10SfBw==",
      "requires": {
        "react-is": "^16.7.0"
      }
    },
    "js-tokens": {
      "version": "4.0.0",
      "resolved": "https://registry.npmjs.org/js-tokens/-/js-tokens-4.0.0.tgz",
      "integrity": "sha512-RdJUflcE3cUzKiMqQgsCu06FPu9UdIJO0beYbPhHN4k6apgJtifcoCtT9bcxOpYBtpD2kCM6Sbzg4CausW/PKQ==",
      "peer": true
    },
    "loose-envify": {
      "version": "1.4.0",
      "resolved": "https://registry.npmjs.org/loose-envify/-/loose-envify-1.4.0.tgz",
      "integrity": "sha512-lyuxPGr/Wfhrlem2CL/UcnUc1zcqKAImBDzukY7Y5F/yQiNdko6+fRLevlw1HgMySw7f611UIY408EtxRSoK3Q==",
      "peer": true,
      "requires": {
        "js-tokens": "^3.0.0 || ^4.0.0"
      }
    },
    "marked": {
      "version": "4.0.17",
      "resolved": "https://registry.npmjs.org/marked/-/marked-4.0.17.tgz",
      "integrity": "sha512-Wfk0ATOK5iPxM4ptrORkFemqroz0ZDxp5MWfYA7H/F+wO17NRWV5Ypxi6p3g2Xmw2bKeiYOl6oVnLHKxBA0VhA=="
    },
    "react": {
      "version": "18.2.0",
      "resolved": "https://registry.npmjs.org/react/-/react-18.2.0.tgz",
      "integrity": "sha512-/3IjMdb2L9QbBdWiW5e3P2/npwMBaU9mHCSCUzNln0ZCYbcfTsGbTJrU/kGemdH2IWmB2ioZ+zkxtmq6g09fGQ==",
      "peer": true,
      "requires": {
        "loose-envify": "^1.1.0"
      }
    },
    "react-is": {
      "version": "16.13.1",
      "resolved": "https://registry.npmjs.org/react-is/-/react-is-16.13.1.tgz",
      "integrity": "sha512-24e6ynE2H+OKt4kqsOvNd8kBpV65zoxbA4BVsEOB3ARVWQki/DHzaUoC5KuON/BiccDaCCTZBuOcfZs70kR8bQ=="
    },
    "tslib": {
      "version": "1.14.1",
      "resolved": "https://registry.npmjs.org/tslib/-/tslib-1.14.1.tgz",
      "integrity": "sha512-Xni35NKzjgMrwevysHTCArtLDpPvye8zV/0E4EyYn43P7/7qvQwPh9BGkHewbMulVntbigmcT7rdX3BNo9wRJg=="
    }
  }
}
