{
  "name": "deliberation-empirica",
  "lockfileVersion": 2,
  "requires": true,
  "packages": {
    "": {
      "dependencies": {
        "@sentry/react": "^7.3.0",
        "@sentry/tracing": "^7.3.0",
        "marked": "^4.0.17"
      }
    },
    "node_modules/@sentry/browser": {
      "version": "7.3.0",
      "resolved": "https://registry.npmjs.org/@sentry/browser/-/browser-7.3.0.tgz",
      "integrity": "sha512-UJMTDbajKNRGrs4ZQNelrPDaATvSZ9uELpPOtPSG6JUvB1BCwGgsgzz55RS0Uqs7B8KhMnDQ0kIn3FMewM4FMg==",
      "dependencies": {
        "@sentry/core": "7.3.0",
        "@sentry/types": "7.3.0",
        "@sentry/utils": "7.3.0",
        "tslib": "^1.9.3"
      },
      "engines": {
        "node": ">=8"
      }
    },
    "node_modules/@sentry/core": {
      "version": "7.3.0",
      "resolved": "https://registry.npmjs.org/@sentry/core/-/core-7.3.0.tgz",
      "integrity": "sha512-EvuWVlYm0F0+BtIEmQiCL31Fw0cfKSwUTmxc99wvouaabpHBr2zCJHRxaXOWzxS705bYBJEQiFDTIHfoOQZMzA==",
      "dependencies": {
        "@sentry/hub": "7.3.0",
        "@sentry/types": "7.3.0",
        "@sentry/utils": "7.3.0",
        "tslib": "^1.9.3"
      },
      "engines": {
        "node": ">=8"
      }
    },
    "node_modules/@sentry/hub": {
      "version": "7.3.0",
      "resolved": "https://registry.npmjs.org/@sentry/hub/-/hub-7.3.0.tgz",
      "integrity": "sha512-0GtTaWf/hoAMoIFY7Ke6eozIbG3FdIPM364sER4SxUQVSklp6AORrV6p82IgWPROK6aj83cPk9Bszgi6RiF/BA==",
      "dependencies": {
        "@sentry/types": "7.3.0",
        "@sentry/utils": "7.3.0",
        "tslib": "^1.9.3"
      },
      "engines": {
        "node": ">=8"
      }
    },
    "node_modules/@sentry/react": {
      "version": "7.3.0",
      "resolved": "https://registry.npmjs.org/@sentry/react/-/react-7.3.0.tgz",
      "integrity": "sha512-0CqJSdJfRoVKeku9rLOJlkKPZ4McEkYLmAuIDonx3DO2oOMLkcJqAAQUdPi+zFDPnOfMJWxdHC1EaTT/r66lig==",
      "dependencies": {
        "@sentry/browser": "7.3.0",
        "@sentry/types": "7.3.0",
        "@sentry/utils": "7.3.0",
        "hoist-non-react-statics": "^3.3.2",
        "tslib": "^1.9.3"
      },
      "engines": {
        "node": ">=8"
      },
      "peerDependencies": {
        "react": "15.x || 16.x || 17.x || 18.x"
      }
    },
    "node_modules/@sentry/tracing": {
      "version": "7.3.0",
      "resolved": "https://registry.npmjs.org/@sentry/tracing/-/tracing-7.3.0.tgz",
      "integrity": "sha512-A+mLEH8jtLkhfyw81EZA1XgI96jh9TIwH9EST3hdfSPgdZQf0A5sV8oVVh/d9Hw7NVb65Va5KhAZDNhcx5QxUA==",
      "dependencies": {
        "@sentry/hub": "7.3.0",
        "@sentry/types": "7.3.0",
        "@sentry/utils": "7.3.0",
        "tslib": "^1.9.3"
      },
      "engines": {
        "node": ">=8"
      }
    },
    "node_modules/@sentry/types": {
      "version": "7.3.0",
      "resolved": "https://registry.npmjs.org/@sentry/types/-/types-7.3.0.tgz",
      "integrity": "sha512-cGkHdh9+uvbFTj65TjWcXuhe6vQiMY+U+N2GE5xCfmZT9hwuouCASViNsbJMpZqvCg+Yi0fasQLZ71rujiRNOA==",
      "engines": {
        "node": ">=8"
      }
    },
    "node_modules/@sentry/utils": {
      "version": "7.3.0",
      "resolved": "https://registry.npmjs.org/@sentry/utils/-/utils-7.3.0.tgz",
      "integrity": "sha512-xUP8TBf2p/c6CN8eFQ7Y+xk0IFrJXsph5ScozqNl/2l/Xs8hd2EiYETqgUklphoYD4J2RxvPwMyqBL15QN6wNg==",
      "dependencies": {
        "@sentry/types": "7.3.0",
        "tslib": "^1.9.3"
      },
      "engines": {
        "node": ">=8"
      }
    },
    "node_modules/hoist-non-react-statics": {
      "version": "3.3.2",
      "resolved": "https://registry.npmjs.org/hoist-non-react-statics/-/hoist-non-react-statics-3.3.2.tgz",
      "integrity": "sha512-/gGivxi8JPKWNm/W0jSmzcMPpfpPLc3dY/6GxhX2hQ9iGj3aDfklV4ET7NjKpSinLpJ5vafa9iiGIEZg10SfBw==",
      "dependencies": {
        "react-is": "^16.7.0"
      }
    },
    "node_modules/js-tokens": {
      "version": "4.0.0",
      "resolved": "https://registry.npmjs.org/js-tokens/-/js-tokens-4.0.0.tgz",
      "integrity": "sha512-RdJUflcE3cUzKiMqQgsCu06FPu9UdIJO0beYbPhHN4k6apgJtifcoCtT9bcxOpYBtpD2kCM6Sbzg4CausW/PKQ==",
      "peer": true
    },
    "node_modules/loose-envify": {
      "version": "1.4.0",
      "resolved": "https://registry.npmjs.org/loose-envify/-/loose-envify-1.4.0.tgz",
      "integrity": "sha512-lyuxPGr/Wfhrlem2CL/UcnUc1zcqKAImBDzukY7Y5F/yQiNdko6+fRLevlw1HgMySw7f611UIY408EtxRSoK3Q==",
      "peer": true,
      "dependencies": {
        "js-tokens": "^3.0.0 || ^4.0.0"
      },
      "bin": {
        "loose-envify": "cli.js"
      }
    },
    "node_modules/marked": {
      "version": "4.0.17",
      "resolved": "https://registry.npmjs.org/marked/-/marked-4.0.17.tgz",
      "integrity": "sha512-Wfk0ATOK5iPxM4ptrORkFemqroz0ZDxp5MWfYA7H/F+wO17NRWV5Ypxi6p3g2Xmw2bKeiYOl6oVnLHKxBA0VhA==",
      "bin": {
        "marked": "bin/marked.js"
      },
      "engines": {
        "node": ">= 12"
      }
    },
    "node_modules/react": {
      "version": "18.2.0",
      "resolved": "https://registry.npmjs.org/react/-/react-18.2.0.tgz",
      "integrity": "sha512-/3IjMdb2L9QbBdWiW5e3P2/npwMBaU9mHCSCUzNln0ZCYbcfTsGbTJrU/kGemdH2IWmB2ioZ+zkxtmq6g09fGQ==",
      "peer": true,
      "dependencies": {
        "loose-envify": "^1.1.0"
      },
      "engines": {
        "node": ">=0.10.0"
      }
    },
    "node_modules/react-is": {
      "version": "16.13.1",
      "resolved": "https://registry.npmjs.org/react-is/-/react-is-16.13.1.tgz",
      "integrity": "sha512-24e6ynE2H+OKt4kqsOvNd8kBpV65zoxbA4BVsEOB3ARVWQki/DHzaUoC5KuON/BiccDaCCTZBuOcfZs70kR8bQ=="
    },
    "node_modules/tslib": {
      "version": "1.14.1",
      "resolved": "https://registry.npmjs.org/tslib/-/tslib-1.14.1.tgz",
      "integrity": "sha512-Xni35NKzjgMrwevysHTCArtLDpPvye8zV/0E4EyYn43P7/7qvQwPh9BGkHewbMulVntbigmcT7rdX3BNo9wRJg=="
    }
  },
  "dependencies": {
    "@sentry/browser": {
      "version": "7.3.0",
      "resolved": "https://registry.npmjs.org/@sentry/browser/-/browser-7.3.0.tgz",
      "integrity": "sha512-UJMTDbajKNRGrs4ZQNelrPDaATvSZ9uELpPOtPSG6JUvB1BCwGgsgzz55RS0Uqs7B8KhMnDQ0kIn3FMewM4FMg==",
      "requires": {
        "@sentry/core": "7.3.0",
        "@sentry/types": "7.3.0",
        "@sentry/utils": "7.3.0",
        "tslib": "^1.9.3"
      }
    },
    "@sentry/core": {
      "version": "7.3.0",
      "resolved": "https://registry.npmjs.org/@sentry/core/-/core-7.3.0.tgz",
      "integrity": "sha512-EvuWVlYm0F0+BtIEmQiCL31Fw0cfKSwUTmxc99wvouaabpHBr2zCJHRxaXOWzxS705bYBJEQiFDTIHfoOQZMzA==",
      "requires": {
        "@sentry/hub": "7.3.0",
        "@sentry/types": "7.3.0",
        "@sentry/utils": "7.3.0",
        "tslib": "^1.9.3"
      }
    },
    "@sentry/hub": {
      "version": "7.3.0",
      "resolved": "https://registry.npmjs.org/@sentry/hub/-/hub-7.3.0.tgz",
      "integrity": "sha512-0GtTaWf/hoAMoIFY7Ke6eozIbG3FdIPM364sER4SxUQVSklp6AORrV6p82IgWPROK6aj83cPk9Bszgi6RiF/BA==",
      "requires": {
        "@sentry/types": "7.3.0",
        "@sentry/utils": "7.3.0",
        "tslib": "^1.9.3"
      }
    },
    "@sentry/react": {
      "version": "7.3.0",
      "resolved": "https://registry.npmjs.org/@sentry/react/-/react-7.3.0.tgz",
      "integrity": "sha512-0CqJSdJfRoVKeku9rLOJlkKPZ4McEkYLmAuIDonx3DO2oOMLkcJqAAQUdPi+zFDPnOfMJWxdHC1EaTT/r66lig==",
      "requires": {
        "@sentry/browser": "7.3.0",
        "@sentry/types": "7.3.0",
        "@sentry/utils": "7.3.0",
        "hoist-non-react-statics": "^3.3.2",
        "tslib": "^1.9.3"
      }
    },
    "@sentry/tracing": {
      "version": "7.3.0",
      "resolved": "https://registry.npmjs.org/@sentry/tracing/-/tracing-7.3.0.tgz",
      "integrity": "sha512-A+mLEH8jtLkhfyw81EZA1XgI96jh9TIwH9EST3hdfSPgdZQf0A5sV8oVVh/d9Hw7NVb65Va5KhAZDNhcx5QxUA==",
      "requires": {
        "@sentry/hub": "7.3.0",
        "@sentry/types": "7.3.0",
        "@sentry/utils": "7.3.0",
        "tslib": "^1.9.3"
      }
    },
    "@sentry/types": {
      "version": "7.3.0",
      "resolved": "https://registry.npmjs.org/@sentry/types/-/types-7.3.0.tgz",
      "integrity": "sha512-cGkHdh9+uvbFTj65TjWcXuhe6vQiMY+U+N2GE5xCfmZT9hwuouCASViNsbJMpZqvCg+Yi0fasQLZ71rujiRNOA=="
    },
    "@sentry/utils": {
      "version": "7.3.0",
      "resolved": "https://registry.npmjs.org/@sentry/utils/-/utils-7.3.0.tgz",
      "integrity": "sha512-xUP8TBf2p/c6CN8eFQ7Y+xk0IFrJXsph5ScozqNl/2l/Xs8hd2EiYETqgUklphoYD4J2RxvPwMyqBL15QN6wNg==",
      "requires": {
        "@sentry/types": "7.3.0",
        "tslib": "^1.9.3"
      }
    },
    "hoist-non-react-statics": {
      "version": "3.3.2",
      "resolved": "https://registry.npmjs.org/hoist-non-react-statics/-/hoist-non-react-statics-3.3.2.tgz",
      "integrity": "sha512-/gGivxi8JPKWNm/W0jSmzcMPpfpPLc3dY/6GxhX2hQ9iGj3aDfklV4ET7NjKpSinLpJ5vafa9iiGIEZg10SfBw==",
      "requires": {
        "react-is": "^16.7.0"
      }
    },
    "js-tokens": {
      "version": "4.0.0",
      "resolved": "https://registry.npmjs.org/js-tokens/-/js-tokens-4.0.0.tgz",
      "integrity": "sha512-RdJUflcE3cUzKiMqQgsCu06FPu9UdIJO0beYbPhHN4k6apgJtifcoCtT9bcxOpYBtpD2kCM6Sbzg4CausW/PKQ==",
      "peer": true
    },
    "loose-envify": {
      "version": "1.4.0",
      "resolved": "https://registry.npmjs.org/loose-envify/-/loose-envify-1.4.0.tgz",
      "integrity": "sha512-lyuxPGr/Wfhrlem2CL/UcnUc1zcqKAImBDzukY7Y5F/yQiNdko6+fRLevlw1HgMySw7f611UIY408EtxRSoK3Q==",
      "peer": true,
      "requires": {
        "js-tokens": "^3.0.0 || ^4.0.0"
      }
    },
    "marked": {
      "version": "4.0.17",
      "resolved": "https://registry.npmjs.org/marked/-/marked-4.0.17.tgz",
      "integrity": "sha512-Wfk0ATOK5iPxM4ptrORkFemqroz0ZDxp5MWfYA7H/F+wO17NRWV5Ypxi6p3g2Xmw2bKeiYOl6oVnLHKxBA0VhA=="
    },
    "react": {
      "version": "18.2.0",
      "resolved": "https://registry.npmjs.org/react/-/react-18.2.0.tgz",
      "integrity": "sha512-/3IjMdb2L9QbBdWiW5e3P2/npwMBaU9mHCSCUzNln0ZCYbcfTsGbTJrU/kGemdH2IWmB2ioZ+zkxtmq6g09fGQ==",
      "peer": true,
      "requires": {
        "loose-envify": "^1.1.0"
      }
    },
    "react-is": {
      "version": "16.13.1",
      "resolved": "https://registry.npmjs.org/react-is/-/react-is-16.13.1.tgz",
      "integrity": "sha512-24e6ynE2H+OKt4kqsOvNd8kBpV65zoxbA4BVsEOB3ARVWQki/DHzaUoC5KuON/BiccDaCCTZBuOcfZs70kR8bQ=="
    },
    "tslib": {
      "version": "1.14.1",
      "resolved": "https://registry.npmjs.org/tslib/-/tslib-1.14.1.tgz",
      "integrity": "sha512-Xni35NKzjgMrwevysHTCArtLDpPvye8zV/0E4EyYn43P7/7qvQwPh9BGkHewbMulVntbigmcT7rdX3BNo9wRJg=="
    }
  }
}
